
Microsoft Visual Studio Solution File, Format Version 12.00
# Visual Studio Version 17
VisualStudioVersion = 17.10.35013.160
MinimumVisualStudioVersion = 10.0.40219.1
Project("{9A19103F-16F7-4668-BE54-9A1E7A4F7556}") = "PostcodeApi", "PostcodeApi.csproj", "{468E7D9D-D80F-41A9-9D11-A02D4CBDB932}"
EndProject
Project("{9A19103F-16F7-4668-BE54-9A1E7A4F7556}") = "PostcodeApiTests", "tests\PostcodeApiTests\PostcodeApiTests.csproj", "{D0AF8B61-6E5E-4898-B194-27379E4B848A}"
EndProject
Global
	GlobalSection(SolutionConfigurationPlatforms) = preSolution
		Debug|Any CPU = Debug|Any CPU
		Release|Any CPU = Release|Any CPU
	EndGlobalSection
	GlobalSection(ProjectConfigurationPlatforms) = postSolution
		{468E7D9D-D80F-41A9-9D11-A02D4CBDB932}.Debug|Any CPU.ActiveCfg = Debug|Any CPU
		{468E7D9D-D80F-41A9-9D11-A02D4CBDB932}.Debug|Any CPU.Build.0 = Debug|Any CPU
		{468E7D9D-D80F-41A9-9D11-A02D4CBDB932}.Release|Any CPU.ActiveCfg = Release|Any CPU
		{468E7D9D-D80F-41A9-9D11-A02D4CBDB932}.Release|Any CPU.Build.0 = Release|Any CPU
		{D0AF8B61-6E5E-4898-B194-27379E4B848A}.Debug|Any CPU.ActiveCfg = Debug|Any CPU
		{D0AF8B61-6E5E-4898-B194-27379E4B848A}.Debug|Any CPU.Build.0 = Debug|Any CPU
		{D0AF8B61-6E5E-4898-B194-27379E4B848A}.Release|Any CPU.ActiveCfg = Release|Any CPU
		{D0AF8B61-6E5E-4898-B194-27379E4B848A}.Release|Any CPU.Build.0 = Release|Any CPU
	EndGlobalSection
	GlobalSection(SolutionProperties) = preSolution
		HideSolutionNode = FALSE
	EndGlobalSection
	GlobalSection(ExtensibilityGlobals) = postSolution
		SolutionGuid = {4B481E43-380A-4326-8E66-6796BCAB6A23}
	EndGlobalSection
EndGlobal
